{
    "_readme": [
        "This file locks the dependencies of your project to a known state",
        "Read more about it at https://getcomposer.org/doc/01-basic-usage.md#installing-dependencies",
        "This file is @generated automatically"
    ],
    "content-hash": "f0f723751ad48af984f4507e4aa14cdc",
    "packages": [
        {
            "name": "itmar/loader-package",
            "version": "v1.2.2",
            "source": {
                "type": "git",
                "url": "https://github.com/itmaroon/loader-package.git",
                "reference": "0327c311f2a057912e62ffb36f9bc16e5af59b0a"
            },
            "dist": {
                "type": "zip",
                "url": "https://api.github.com/repos/itmaroon/loader-package/zipball/0327c311f2a057912e62ffb36f9bc16e5af59b0a",
                "reference": "0327c311f2a057912e62ffb36f9bc16e5af59b0a",
                "shasum": ""
            },
            "type": "library",
            "autoload": {
                "psr-4": {
                    "Itmar\\Autoloader\\": "src/"
                }
            },
            "notification-url": "https://packagist.org/downloads/",
            "license": [
                "MIT"
            ],
            "authors": [
                {
                    "name": "itmaroon",
                    "email": "master@itmaroon.net"
                }
            ],
            "description": "This package provides the ability to load classes via Composer's PSR-4 configuration without relying on the autoloader. This is useful when you want to avoid class conflicts between loaders in multiple plugins.",
            "support": {
                "issues": "https://github.com/itmaroon/loader-package/issues",
                "source": "https://github.com/itmaroon/loader-package/tree/v1.2.2"
            },
            "time": "2025-12-01T05:31:51+00:00"
        },
        {
            "name": "itmar/wpsetting-class-package",
            "version": "v1.3.6",
            "source": {
                "type": "git",
                "url": "https://github.com/itmaroon/wpsetting-class-package.git",
                "reference": "776b37d9cb0648fd98d5e89e0d46386e20d423d4"
            },
            "dist": {
                "type": "zip",
                "url": "https://api.github.com/repos/itmaroon/wpsetting-class-package/zipball/776b37d9cb0648fd98d5e89e0d46386e20d423d4",
                "reference": "776b37d9cb0648fd98d5e89e0d46386e20d423d4",
                "shasum": ""
            },
            "require": {
                "itmar/loader-package": "^1.0"
            },
            "type": "library",
            "autoload": {
                "psr-4": {
                    "Itmar\\WpsettingClassPackage\\": "src/"
                }
            },
            "notification-url": "https://packagist.org/downloads/",
            "license": [
                "MIT"
            ],
            "authors": [
                {
                    "name": "itmaroon",
                    "email": "master@itmaroon.net"
                }
            ],
            "description": "This package contains classes that provide a GUI for configuring various settings in WordPress.",
            "support": {
                "issues": "https://github.com/itmaroon/wpsetting-class-package/issues",
                "source": "https://github.com/itmaroon/wpsetting-class-package/tree/v1.3.6"
            },
            "time": "2026-09-10T07:27:51+00:00"
        }
    ],
    "packages-dev": [],
    "aliases": [],
    "minimum-stability": "stable",
    "stability-flags": {},
    "prefer-stable": false,
    "prefer-lowest": false,
    "platform": {},
    "platform-dev": {},
    "plugin-api-version": "2.9.0"
}
